<Solution>
  <Project Path="01_StudentManager/01_StudentManager.csproj" />
  <Project Path="02_StudentManager_LINQ/02_StudentManager_LINQ.csproj" Id="1bfc8f54-b4f1-48e5-9e14-8af7422ddbb3" />
  <Project Path="03_StudentManager_MVC/03_StudentManager_MVC.csproj" Id="d1ba5044-0f07-4c8d-82b1-f1d789574e06" />
</Solution>
